
Microsoft Visual Studio Solution File, Format Version 12.00
# Visual Studio Version 17
VisualStudioVersion = 17.5.33516.290
MinimumVisualStudioVersion = 10.0.40219.1
Project("{8BC9CEB8-8B4A-11D0-8D11-00A0C91BC942}") = "test", "test\test.vcxproj", "{264B057E-C5F4-4DCD-8E3A-093B2A63DAD4}"
EndProject
Global
	GlobalSection(SolutionConfigurationPlatforms) = preSolution
		Debug|x64 = Debug|x64
		Debug|x86 = Debug|x86
		Release|x64 = Release|x64
		Release|x86 = Release|x86
	EndGlobalSection
	GlobalSection(ProjectConfigurationPlatforms) = postSolution
		{264B057E-C5F4-4DCD-8E3A-093B2A63DAD4}.Debug|x64.ActiveCfg = Debug|x64
		{264B057E-C5F4-4DCD-8E3A-093B2A63DAD4}.Debug|x64.Build.0 = Debug|x64
		{264B057E-C5F4-4DCD-8E3A-093B2A63DAD4}.Debug|x86.ActiveCfg = Debug|Win32
		{264B057E-C5F4-4DCD-8E3A-093B2A63DAD4}.Debug|x86.Build.0 = Debug|Win32
		{264B057E-C5F4-4DCD-8E3A-093B2A63DAD4}.Release|x64.ActiveCfg = Release|x64
		{264B057E-C5F4-4DCD-8E3A-093B2A63DAD4}.Release|x64.Build.0 = Release|x64
		{264B057E-C5F4-4DCD-8E3A-093B2A63DAD4}.Release|x86.ActiveCfg = Release|Win32
		{264B057E-C5F4-4DCD-8E3A-093B2A63DAD4}.Release|x86.Build.0 = Release|Win32
	EndGlobalSection
	GlobalSection(SolutionProperties) = preSolution
		HideSolutionNode = FALSE
	EndGlobalSection
	GlobalSection(ExtensibilityGlobals) = postSolution
		SolutionGuid = {18EA9099-FA6B-4514-8BA6-2440BA4504D3}
	EndGlobalSection
EndGlobal
